
Microsoft Visual Studio Solution File, Format Version 12.00
# Visual Studio Version 16
VisualStudioVersion = 16.0.31321.278
MinimumVisualStudioVersion = 10.0.40219.1
Project("{FAE04EC0-301F-11D3-BF4B-00C04F79EFBC}") = "eShopSolution.Webapp", "eShopSolution.Webapp\eShopSolution.Webapp.csproj", "{AAF8352B-E4FA-4A20-8C0F-AAEC3DD9B9C2}"
EndProject
Project("{2150E333-8FDC-42A3-9474-1A3956D46DE8}") = "Solution Items", "Solution Items", "{E57A3193-6E04-4644-AB62-EBF957294499}"
	ProjectSection(SolutionItems) = preProject
		Readme.md = Readme.md
	EndProjectSection
EndProject
Project("{FAE04EC0-301F-11D3-BF4B-00C04F79EFBC}") = "eShopSolution.Data", "eShopSolution.Data\eShopSolution.Data.csproj", "{59D0C1E6-1EC1-4EB6-8CC2-7F77AA634322}"
EndProject
Project("{FAE04EC0-301F-11D3-BF4B-00C04F79EFBC}") = "eShopSolution.Application", "eShopSolution.Application\eShopSolution.Application.csproj", "{EDDCEF36-7A91-4B8C-818B-E96B638A0621}"
EndProject
Global
	GlobalSection(SolutionConfigurationPlatforms) = preSolution
		Debug|Any CPU = Debug|Any CPU
		Release|Any CPU = Release|Any CPU
	EndGlobalSection
	GlobalSection(ProjectConfigurationPlatforms) = postSolution
		{AAF8352B-E4FA-4A20-8C0F-AAEC3DD9B9C2}.Debug|Any CPU.ActiveCfg = Debug|Any CPU
		{AAF8352B-E4FA-4A20-8C0F-AAEC3DD9B9C2}.Debug|Any CPU.Build.0 = Debug|Any CPU
		{AAF8352B-E4FA-4A20-8C0F-AAEC3DD9B9C2}.Release|Any CPU.ActiveCfg = Release|Any CPU
		{AAF8352B-E4FA-4A20-8C0F-AAEC3DD9B9C2}.Release|Any CPU.Build.0 = Release|Any CPU
		{59D0C1E6-1EC1-4EB6-8CC2-7F77AA634322}.Debug|Any CPU.ActiveCfg = Debug|Any CPU
		{59D0C1E6-1EC1-4EB6-8CC2-7F77AA634322}.Debug|Any CPU.Build.0 = Debug|Any CPU
		{59D0C1E6-1EC1-4EB6-8CC2-7F77AA634322}.Release|Any CPU.ActiveCfg = Release|Any CPU
		{59D0C1E6-1EC1-4EB6-8CC2-7F77AA634322}.Release|Any CPU.Build.0 = Release|Any CPU
		{EDDCEF36-7A91-4B8C-818B-E96B638A0621}.Debug|Any CPU.ActiveCfg = Debug|Any CPU
		{EDDCEF36-7A91-4B8C-818B-E96B638A0621}.Debug|Any CPU.Build.0 = Debug|Any CPU
		{EDDCEF36-7A91-4B8C-818B-E96B638A0621}.Release|Any CPU.ActiveCfg = Release|Any CPU
		{EDDCEF36-7A91-4B8C-818B-E96B638A0621}.Release|Any CPU.Build.0 = Release|Any CPU
	EndGlobalSection
	GlobalSection(SolutionProperties) = preSolution
		HideSolutionNode = FALSE
	EndGlobalSection
	GlobalSection(ExtensibilityGlobals) = postSolution
		SolutionGuid = {A91C3328-3F54-48EA-8C78-EB789D0D029B}
	EndGlobalSection
EndGlobal
